{
  "version": 4,
  "terraform_version": "1.6.3",
  "serial": 16,
  "lineage": "a016bc14-423e-15b4-5ee2-3b364e207f76",
  "outputs": {},
  "resources": [
    {
      "mode": "managed",
      "type": "azurerm_resource_group",
      "name": "rg",
      "provider": "provider[\"registry.terraform.io/hashicorp/azurerm\"]",
      "instances": [
        {
          "schema_version": 0,
          "attributes": {
            "id": "/subscriptions/7c8308fd-c50e-441f-8e7d-4fafad8bf8d8/resourceGroups/quiz-app-rg",
            "location": "westus2",
            "managed_by": "",
            "name": "quiz-app-rg",
            "tags": {},
            "timeouts": null
          },
          "sensitive_attributes": [],
          "private": "eyJlMmJmYjczMC1lY2FhLTExZTYtOGY4OC0zNDM2M2JjN2M0YzAiOnsiY3JlYXRlIjo1NDAwMDAwMDAwMDAwLCJkZWxldGUiOjU0MDAwMDAwMDAwMDAsInJlYWQiOjMwMDAwMDAwMDAwMCwidXBkYXRlIjo1NDAwMDAwMDAwMDAwfX0="
        }
      ]
    },
    {
      "mode": "managed",
      "type": "azurerm_static_web_app",
      "name": "web",
      "provider": "provider[\"registry.terraform.io/hashicorp/azurerm\"]",
      "instances": [
        {
          "schema_version": 0,
          "attributes": {
            "api_key": "5b11543bd74aa2bf5c39deb4deb39f5f20ef574b4b2f78729c1a51d638a1d7a705-8b98d939-0646-4cfa-85cb-037d4f4ad89201e050707751581e",
            "app_settings": {},
            "basic_auth": [],
            "configuration_file_changes_enabled": true,
            "default_host_name": "icy-dune-07751581e.5.azurestaticapps.net",
            "id": "/subscriptions/7c8308fd-c50e-441f-8e7d-4fafad8bf8d8/resourceGroups/quiz-app-rg/providers/Microsoft.Web/staticSites/quiz-app",
            "identity": [],
            "location": "westus2",
            "name": "quiz-app",
            "preview_environments_enabled": true,
            "resource_group_name": "quiz-app-rg",
            "sku_size": "Free",
            "sku_tier": "Free",
            "tags": {},
            "timeouts": null
          },
          "sensitive_attributes": [],
          "private": "eyJlMmJmYjczMC1lY2FhLTExZTYtOGY4OC0zNDM2M2JjN2M0YzAiOnsiY3JlYXRlIjoxODAwMDAwMDAwMDAwLCJkZWxldGUiOjE4MDAwMDAwMDAwMDAsInJlYWQiOjMwMDAwMDAwMDAwMCwidXBkYXRlIjoxODAwMDAwMDAwMDAwfSwic2NoZW1hX3ZlcnNpb24iOiIwIn0="
        }
      ]
    }
  ],
  "check_results": null
}
